
Microsoft Visual Studio Solution File, Format Version 12.00
# Visual Studio 15
VisualStudioVersion = 15.0.26403.3
MinimumVisualStudioVersion = 10.0.40219.1
Project("{FAE04EC0-301F-11D3-BF4B-00C04F79EFBC}") = "DrugstoreManagementSystem.UI", "DrugstoreManagementSystem.UI\DrugstoreManagementSystem.UI.csproj", "{487EC0E8-B55F-4A38-8F2F-C3B5E7940BEF}"
EndProject
Project("{FAE04EC0-301F-11D3-BF4B-00C04F79EFBC}") = "DrugstoreManagementSystem.Entities", "DrugstoreManagementSystem.Entities\DrugstoreManagementSystem.Entities.csproj", "{4B8A4B56-0FEB-41C8-A365-D5822DA4EEC8}"
EndProject
Project("{00D1A9C2-B5F0-4AF3-8072-F6C62B433612}") = "DrugstoreManagementSystem.Database", "DrugstoreManagementSystem.Database\DrugstoreManagementSystem.Database.sqlproj", "{BD6E5CA8-22A1-4AA0-A263-36549B294416}"
EndProject
Project("{FAE04EC0-301F-11D3-BF4B-00C04F79EFBC}") = "DrugstoreManagementSystem.Repositories", "DrugstoreManagementSystem.Repositories\DrugstoreManagementSystem.Repositories.csproj", "{3D5A59F1-19E4-4AE6-A3B0-6EA59D2493C6}"
EndProject
Global
	GlobalSection(SolutionConfigurationPlatforms) = preSolution
		Debug|Any CPU = Debug|Any CPU
		Release|Any CPU = Release|Any CPU
	EndGlobalSection
	GlobalSection(ProjectConfigurationPlatforms) = postSolution
		{487EC0E8-B55F-4A38-8F2F-C3B5E7940BEF}.Debug|Any CPU.ActiveCfg = Debug|Any CPU
		{487EC0E8-B55F-4A38-8F2F-C3B5E7940BEF}.Debug|Any CPU.Build.0 = Debug|Any CPU
		{487EC0E8-B55F-4A38-8F2F-C3B5E7940BEF}.Release|Any CPU.ActiveCfg = Release|Any CPU
		{487EC0E8-B55F-4A38-8F2F-C3B5E7940BEF}.Release|Any CPU.Build.0 = Release|Any CPU
		{4B8A4B56-0FEB-41C8-A365-D5822DA4EEC8}.Debug|Any CPU.ActiveCfg = Debug|Any CPU
		{4B8A4B56-0FEB-41C8-A365-D5822DA4EEC8}.Debug|Any CPU.Build.0 = Debug|Any CPU
		{4B8A4B56-0FEB-41C8-A365-D5822DA4EEC8}.Release|Any CPU.ActiveCfg = Release|Any CPU
		{4B8A4B56-0FEB-41C8-A365-D5822DA4EEC8}.Release|Any CPU.Build.0 = Release|Any CPU
		{BD6E5CA8-22A1-4AA0-A263-36549B294416}.Debug|Any CPU.ActiveCfg = Debug|Any CPU
		{BD6E5CA8-22A1-4AA0-A263-36549B294416}.Debug|Any CPU.Build.0 = Debug|Any CPU
		{BD6E5CA8-22A1-4AA0-A263-36549B294416}.Debug|Any CPU.Deploy.0 = Debug|Any CPU
		{BD6E5CA8-22A1-4AA0-A263-36549B294416}.Release|Any CPU.ActiveCfg = Release|Any CPU
		{BD6E5CA8-22A1-4AA0-A263-36549B294416}.Release|Any CPU.Build.0 = Release|Any CPU
		{BD6E5CA8-22A1-4AA0-A263-36549B294416}.Release|Any CPU.Deploy.0 = Release|Any CPU
		{3D5A59F1-19E4-4AE6-A3B0-6EA59D2493C6}.Debug|Any CPU.ActiveCfg = Debug|Any CPU
		{3D5A59F1-19E4-4AE6-A3B0-6EA59D2493C6}.Debug|Any CPU.Build.0 = Debug|Any CPU
		{3D5A59F1-19E4-4AE6-A3B0-6EA59D2493C6}.Release|Any CPU.ActiveCfg = Release|Any CPU
		{3D5A59F1-19E4-4AE6-A3B0-6EA59D2493C6}.Release|Any CPU.Build.0 = Release|Any CPU
	EndGlobalSection
	GlobalSection(SolutionProperties) = preSolution
		HideSolutionNode = FALSE
	EndGlobalSection
EndGlobal
